// !$*UTF8*$!
{
	archiveVersion = 1;
	classes = {
	};
	objectVersion = 46;
	objects = {

/* Begin PBXBuildFile section */
		0404FA8614ABFBFB0072EDA3 /* AsyncImageView.m in Sources */ = {isa = PBXBuildFile; fileRef = 0404FA8514ABFBFB0072EDA3 /* AsyncImageView.m */; };
		0404FA8914ABFDB10072EDA3 /* MBProgressHUD.m in Sources */ = {isa = PBXBuildFile; fileRef = 0404FA8814ABFDB10072EDA3 /* MBProgressHUD.m */; };
		0404FA8C14ABFEF70072EDA3 /* LoadViewController.m in Sources */ = {isa = PBXBuildFile; fileRef = 0404FA8B14ABFEF70072EDA3 /* LoadViewController.m */; };
		0404FAA414AC10360072EDA3 /* Icon@2X.png in Resources */ = {isa = PBXBuildFile; fileRef = 0404FAA314AC10360072EDA3 /* Icon@2X.png */; };
		0404FAA614AC10720072EDA3 /* Icon.png in Resources */ = {isa = PBXBuildFile; fileRef = 0404FAA514AC10720072EDA3 /* Icon.png */; };
		0404FAB714AC312C0072EDA3 /* SystemConfiguration.framework in Frameworks */ = {isa = PBXBuildFile; fileRef = 0404FAB614AC312C0072EDA3 /* SystemConfiguration.framework */; };
		0404FABA14AC32910072EDA3 /* Reachability.m in Sources */ = {isa = PBXBuildFile; fileRef = 0404FAB914AC32910072EDA3 /* Reachability.m */; };
		0404FAC314AD514C0072EDA3 /* QuartzCore.framework in Frameworks */ = {isa = PBXBuildFile; fileRef = 0404FAC114AD51270072EDA3 /* QuartzCore.framework */; };
		044AE90314AD8491006FF0C3 /* MainWindow-iPad.xib in Resources */ = {isa = PBXBuildFile; fileRef = 044AE90214AD8491006FF0C3 /* MainWindow-iPad.xib */; };
		045247D414ADF95A004FA37D /* FlipsideView-iPad.xib in Resources */ = {isa = PBXBuildFile; fileRef = 045247D314ADF95A004FA37D /* FlipsideView-iPad.xib */; };
		04B52E3C14ADBBD000318AA7 /* MainView-iPad.xib in Resources */ = {isa = PBXBuildFile; fileRef = 04B52E3B14ADBBD000318AA7 /* MainView-iPad.xib */; };
		091CAD881492F37D00853E12 /* JSONKit.m in Sources */ = {isa = PBXBuildFile; fileRef = 091CAD871492F37D00853E12 /* JSONKit.m */; };
		097729C914BA86A100B70FE4 /* DatePickerViewController.m in Sources */ = {isa = PBXBuildFile; fileRef = 097729C714BA86A100B70FE4 /* DatePickerViewController.m */; };
		0980F92514BA86E700D7A858 /* DatePickerViewController.xib in Resources */ = {isa = PBXBuildFile; fileRef = 0980F92414BA86E700D7A858 /* DatePickerViewController.xib */; };
		0980F94314BA9B0800D7A858 /* iTunesArtwork.png in Resources */ = {isa = PBXBuildFile; fileRef = 0980F94214BA9B0800D7A858 /* iTunesArtwork.png */; };
		0980F94514BAB19C00D7A858 /* Icon@iPad.png in Resources */ = {isa = PBXBuildFile; fileRef = 0980F94414BAB19C00D7A858 /* Icon@iPad.png */; };
		09A73C3D14BAB6760056D031 /* InfoPlist.strings in Resources */ = {isa = PBXBuildFile; fileRef = 0980F93414BA948500D7A858 /* InfoPlist.strings */; };
		09A73C3E14BAB6760056D031 /* Localizable.strings in Resources */ = {isa = PBXBuildFile; fileRef = 0980F93614BA948500D7A858 /* Localizable.strings */; };
		09A73C3F14BAB6760056D031 /* InfoPlist.strings in Resources */ = {isa = PBXBuildFile; fileRef = 0980F93C14BA953400D7A858 /* InfoPlist.strings */; };
		09A73C4014BAB6760056D031 /* Localizable.strings in Resources */ = {isa = PBXBuildFile; fileRef = 0404FA9014AC07A90072EDA3 /* Localizable.strings */; };
		09A73C4114BAB6760056D031 /* InfoPlist.strings in Resources */ = {isa = PBXBuildFile; fileRef = 0980F93F14BA953D00D7A858 /* InfoPlist.strings */; };
		09A73C4214BAB6760056D031 /* Localizable.strings in Resources */ = {isa = PBXBuildFile; fileRef = 0404FA9314AC07A90072EDA3 /* Localizable.strings */; };
		09F9ABD114B2D0130005D9CB /* frame.css in Resources */ = {isa = PBXBuildFile; fileRef = 09F9ABD014B2D0130005D9CB /* frame.css */; };
		1D3623260D0F684500981E51 /* KyounoNihongoAppDelegate.m in Sources */ = {isa = PBXBuildFile; fileRef = 1D3623250D0F684500981E51 /* KyounoNihongoAppDelegate.m */; };
		1D60589B0D05DD56006BFB54 /* main.m in Sources */ = {isa = PBXBuildFile; fileRef = 29B97316FDCFA39411CA2CEA /* main.m */; };
		1D60589F0D05DD5A006BFB54 /* Foundation.framework in Frameworks */ = {isa = PBXBuildFile; fileRef = 1D30AB110D05D00D00671497 /* Foundation.framework */; };
		1DF5F4E00D08C38300B7A737 /* UIKit.framework in Frameworks */ = {isa = PBXBuildFile; fileRef = 1DF5F4DF0D08C38300B7A737 /* UIKit.framework */; };
		280E754D0DD40C5E005A515E /* FlipsideView.xib in Resources */ = {isa = PBXBuildFile; fileRef = 280E754A0DD40C5E005A515E /* FlipsideView.xib */; };
		280E754E0DD40C5E005A515E /* MainView.xib in Resources */ = {isa = PBXBuildFile; fileRef = 280E754B0DD40C5E005A515E /* MainView.xib */; };
		280E754F0DD40C5E005A515E /* MainWindow.xib in Resources */ = {isa = PBXBuildFile; fileRef = 280E754C0DD40C5E005A515E /* MainWindow.xib */; };
		288765590DF743DE002DB57D /* CoreGraphics.framework in Frameworks */ = {isa = PBXBuildFile; fileRef = 288765580DF743DE002DB57D /* CoreGraphics.framework */; };
		289233AE0DB2D0DB0083E9F9 /* MainViewController.m in Sources */ = {isa = PBXBuildFile; fileRef = 289233A90DB2D0DB0083E9F9 /* MainViewController.m */; };
		289233B00DB2D0DB0083E9F9 /* FlipsideViewController.m in Sources */ = {isa = PBXBuildFile; fileRef = 289233AD0DB2D0DB0083E9F9 /* FlipsideViewController.m */; };
/* End PBXBuildFile section */

/* Begin PBXBuildRule section */
		09A73C3B14BAB4EA0056D031 /* PBXBuildRule */ = {
			isa = PBXBuildRule;
			compilerSpec = "com.apple.build-tasks.copy-strings-file";
			fileType = text.plist.strings;
			isEditable = 1;
			outputFiles = (
			);
		};
/* End PBXBuildRule section */

/* Begin PBXFileReference section */
		0404FA8414ABFBFB0072EDA3 /* AsyncImageView.h */ = {isa = PBXFileReference; fileEncoding = 4; lastKnownFileType = sourcecode.c.h; name = AsyncImageView.h; path = Classes/AsyncImageView.h; sourceTree = "<group>"; };
		0404FA8514ABFBFB0072EDA3 /* AsyncImageView.m */ = {isa = PBXFileReference; fileEncoding = 4; lastKnownFileType = sourcecode.c.objc; name = AsyncImageView.m; path = Classes/AsyncImageView.m; sourceTree = "<group>"; };
		0404FA8714ABFDB10072EDA3 /* MBProgressHUD.h */ = {isa = PBXFileReference; fileEncoding = 4; lastKnownFileType = sourcecode.c.h; name = MBProgressHUD.h; path = Classes/MBProgressHUD.h; sourceTree = "<group>"; };
		0404FA8814ABFDB10072EDA3 /* MBProgressHUD.m */ = {isa = PBXFileReference; fileEncoding = 4; lastKnownFileType = sourcecode.c.objc; name = MBProgressHUD.m; path = Classes/MBProgressHUD.m; sourceTree = "<group>"; };
		0404FA8A14ABFEF70072EDA3 /* LoadViewController.h */ = {isa = PBXFileReference; fileEncoding = 4; lastKnownFileType = sourcecode.c.h; name = LoadViewController.h; path = Classes/LoadViewController.h; sourceTree = "<group>"; };
		0404FA8B14ABFEF70072EDA3 /* LoadViewController.m */ = {isa = PBXFileReference; fileEncoding = 4; lastKnownFileType = sourcecode.c.objc; name = LoadViewController.m; path = Classes/LoadViewController.m; sourceTree = "<group>"; };
		0404FA9114AC07A90072EDA3 /* en */ = {isa = PBXFileReference; lastKnownFileType = text.plist.strings; name = en; path = Localizable.strings; sourceTree = "<group>"; };
		0404FA9414AC07A90072EDA3 /* zh-Hans */ = {isa = PBXFileReference; lastKnownFileType = text.plist.strings; name = "zh-Hans"; path = Localizable.strings; sourceTree = "<group>"; };
		0404FAA314AC10360072EDA3 /* Icon@2X.png */ = {isa = PBXFileReference; lastKnownFileType = image.png; path = "Icon@2X.png"; sourceTree = "<group>"; };
		0404FAA514AC10720072EDA3 /* Icon.png */ = {isa = PBXFileReference; lastKnownFileType = image.png; path = Icon.png; sourceTree = "<group>"; };
		0404FAB214AC14550072EDA3 /* KyounoNihongo-Info.plist */ = {isa = PBXFileReference; fileEncoding = 4; lastKnownFileType = text.plist.xml; path = "KyounoNihongo-Info.plist"; sourceTree = "<group>"; };
		0404FAB614AC312C0072EDA3 /* SystemConfiguration.framework */ = {isa = PBXFileReference; lastKnownFileType = wrapper.framework; name = SystemConfiguration.framework; path = System/Library/Frameworks/SystemConfiguration.framework; sourceTree = SDKROOT; };
		0404FAB814AC32910072EDA3 /* Reachability.h */ = {isa = PBXFileReference; fileEncoding = 4; lastKnownFileType = sourcecode.c.h; name = Reachability.h; path = Classes/Reachability.h; sourceTree = "<group>"; };
		0404FAB914AC32910072EDA3 /* Reachability.m */ = {isa = PBXFileReference; fileEncoding = 4; lastKnownFileType = sourcecode.c.objc; name = Reachability.m; path = Classes/Reachability.m; sourceTree = "<group>"; };
		0404FAC114AD51270072EDA3 /* QuartzCore.framework */ = {isa = PBXFileReference; lastKnownFileType = wrapper.framework; name = QuartzCore.framework; path = System/Library/Frameworks/QuartzCore.framework; sourceTree = SDKROOT; };
		044AE90214AD8491006FF0C3 /* MainWindow-iPad.xib */ = {isa = PBXFileReference; lastKnownFileType = file.xib; name = "MainWindow-iPad.xib"; path = "iPad/MainWindow-iPad.xib"; sourceTree = "<group>"; };
		045247D314ADF95A004FA37D /* FlipsideView-iPad.xib */ = {isa = PBXFileReference; fileEncoding = 4; lastKnownFileType = file.xib; name = "FlipsideView-iPad.xib"; path = "iPad/FlipsideView-iPad.xib"; sourceTree = "<group>"; };
		04B52E3B14ADBBD000318AA7 /* MainView-iPad.xib */ = {isa = PBXFileReference; fileEncoding = 4; lastKnownFileType = file.xib; name = "MainView-iPad.xib"; path = "iPad/MainView-iPad.xib"; sourceTree = "<group>"; };
		091CAD861492F37D00853E12 /* JSONKit.h */ = {isa = PBXFileReference; fileEncoding = 4; lastKnownFileType = sourcecode.c.h; name = JSONKit.h; path = Classes/JSONKit.h; sourceTree = "<group>"; };
		091CAD871492F37D00853E12 /* JSONKit.m */ = {isa = PBXFileReference; fileEncoding = 4; lastKnownFileType = sourcecode.c.objc; name = JSONKit.m; path = Classes/JSONKit.m; sourceTree = "<group>"; };
		097729C614BA86A100B70FE4 /* DatePickerViewController.h */ = {isa = PBXFileReference; fileEncoding = 4; lastKnownFileType = sourcecode.c.h; name = DatePickerViewController.h; path = Classes/DatePickerViewController.h; sourceTree = "<group>"; };
		097729C714BA86A100B70FE4 /* DatePickerViewController.m */ = {isa = PBXFileReference; fileEncoding = 4; lastKnownFileType = sourcecode.c.objc; name = DatePickerViewController.m; path = Classes/DatePickerViewController.m; sourceTree = "<group>"; };
		0980F92414BA86E700D7A858 /* DatePickerViewController.xib */ = {isa = PBXFileReference; fileEncoding = 4; lastKnownFileType = file.xib; name = DatePickerViewController.xib; path = iPad/DatePickerViewController.xib; sourceTree = "<group>"; };
		0980F93514BA948500D7A858 /* ja */ = {isa = PBXFileReference; lastKnownFileType = text.plist.strings; name = ja; path = InfoPlist.strings; sourceTree = "<group>"; };
		0980F93714BA948500D7A858 /* ja */ = {isa = PBXFileReference; lastKnownFileType = text.plist.strings; name = ja; path = Localizable.strings; sourceTree = "<group>"; };
		0980F93D14BA953400D7A858 /* en */ = {isa = PBXFileReference; lastKnownFileType = text.plist.strings; name = en; path = InfoPlist.strings; sourceTree = "<group>"; };
		0980F94014BA953D00D7A858 /* zh-Hans */ = {isa = PBXFileReference; lastKnownFileType = text.plist.strings; name = "zh-Hans"; path = InfoPlist.strings; sourceTree = "<group>"; };
		0980F94214BA9B0800D7A858 /* iTunesArtwork.png */ = {isa = PBXFileReference; lastKnownFileType = image.png; path = iTunesArtwork.png; sourceTree = "<group>"; };
		0980F94414BAB19C00D7A858 /* Icon@iPad.png */ = {isa = PBXFileReference; lastKnownFileType = image.png; path = "Icon@iPad.png"; sourceTree = "<group>"; };
		09F9ABD014B2D0130005D9CB /* frame.css */ = {isa = PBXFileReference; fileEncoding = 4; lastKnownFileType = text.css; path = frame.css; sourceTree = "<group>"; };
		1D30AB110D05D00D00671497 /* Foundation.framework */ = {isa = PBXFileReference; lastKnownFileType = wrapper.framework; name = Foundation.framework; path = System/Library/Frameworks/Foundation.framework; sourceTree = SDKROOT; };
		1D3623240D0F684500981E51 /* KyounoNihongoAppDelegate.h */ = {isa = PBXFileReference; fileEncoding = 4; lastKnownFileType = sourcecode.c.h; path = KyounoNihongoAppDelegate.h; sourceTree = "<group>"; };
		1D3623250D0F684500981E51 /* KyounoNihongoAppDelegate.m */ = {isa = PBXFileReference; fileEncoding = 4; lastKnownFileType = sourcecode.c.objc; path = KyounoNihongoAppDelegate.m; sourceTree = "<group>"; };
		1D6058910D05DD3D006BFB54 /* KyounoNihongo.app */ = {isa = PBXFileReference; explicitFileType = wrapper.application; includeInIndex = 0; path = KyounoNihongo.app; sourceTree = BUILT_PRODUCTS_DIR; };
		1DF5F4DF0D08C38300B7A737 /* UIKit.framework */ = {isa = PBXFileReference; lastKnownFileType = wrapper.framework; name = UIKit.framework; path = System/Library/Frameworks/UIKit.framework; sourceTree = SDKROOT; };
		280E754A0DD40C5E005A515E /* FlipsideView.xib */ = {isa = PBXFileReference; lastKnownFileType = file.xib; path = FlipsideView.xib; sourceTree = "<group>"; };
		280E754B0DD40C5E005A515E /* MainView.xib */ = {isa = PBXFileReference; lastKnownFileType = file.xib; path = MainView.xib; sourceTree = "<group>"; };
		280E754C0DD40C5E005A515E /* MainWindow.xib */ = {isa = PBXFileReference; lastKnownFileType = file.xib; path = MainWindow.xib; sourceTree = "<group>"; };
		288765580DF743DE002DB57D /* CoreGraphics.framework */ = {isa = PBXFileReference; lastKnownFileType = wrapper.framework; name = CoreGraphics.framework; path = System/Library/Frameworks/CoreGraphics.framework; sourceTree = SDKROOT; };
		289233A80DB2D0DB0083E9F9 /* MainViewController.h */ = {isa = PBXFileReference; fileEncoding = 4; lastKnownFileType = sourcecode.c.h; name = MainViewController.h; path = Classes/MainViewController.h; sourceTree = "<group>"; };
		289233A90DB2D0DB0083E9F9 /* MainViewController.m */ = {isa = PBXFileReference; fileEncoding = 4; lastKnownFileType = sourcecode.c.objc; name = MainViewController.m; path = Classes/MainViewController.m; sourceTree = "<group>"; };
		289233AC0DB2D0DB0083E9F9 /* FlipsideViewController.h */ = {isa = PBXFileReference; fileEncoding = 4; lastKnownFileType = sourcecode.c.h; name = FlipsideViewController.h; path = Classes/FlipsideViewController.h; sourceTree = "<group>"; };
		289233AD0DB2D0DB0083E9F9 /* FlipsideViewController.m */ = {isa = PBXFileReference; fileEncoding = 4; lastKnownFileType = sourcecode.c.objc; name = FlipsideViewController.m; path = Classes/FlipsideViewController.m; sourceTree = "<group>"; };
		29B97316FDCFA39411CA2CEA /* main.m */ = {isa = PBXFileReference; fileEncoding = 4; lastKnownFileType = sourcecode.c.objc; path = main.m; sourceTree = "<group>"; };
		32CA4F630368D1EE00C91783 /* KyounoNihongo_Prefix.pch */ = {isa = PBXFileReference; fileEncoding = 4; lastKnownFileType = sourcecode.c.h; path = KyounoNihongo_Prefix.pch; sourceTree = "<group>"; };
/* End PBXFileReference section */

/* Begin PBXFrameworksBuildPhase section */
		1D60588F0D05DD3D006BFB54 /* Frameworks */ = {
			isa = PBXFrameworksBuildPhase;
			buildActionMask = 2147483647;
			files = (
				0404FAC314AD514C0072EDA3 /* QuartzCore.framework in Frameworks */,
				0404FAB714AC312C0072EDA3 /* SystemConfiguration.framework in Frameworks */,
				1D60589F0D05DD5A006BFB54 /* Foundation.framework in Frameworks */,
				1DF5F4E00D08C38300B7A737 /* UIKit.framework in Frameworks */,
				288765590DF743DE002DB57D /* CoreGraphics.framework in Frameworks */,
			);
			runOnlyForDeploymentPostprocessing = 0;
		};
/* End PBXFrameworksBuildPhase section */

/* Begin PBXGroup section */
		0404FA8F14AC07A90072EDA3 /* en.lproj */ = {
			isa = PBXGroup;
			children = (
				0980F93C14BA953400D7A858 /* InfoPlist.strings */,
				0404FA9014AC07A90072EDA3 /* Localizable.strings */,
			);
			path = en.lproj;
			sourceTree = "<group>";
		};
		0404FA9214AC07A90072EDA3 /* zh-Hans.lproj */ = {
			isa = PBXGroup;
			children = (
				0980F93F14BA953D00D7A858 /* InfoPlist.strings */,
				0404FA9314AC07A90072EDA3 /* Localizable.strings */,
			);
			path = "zh-Hans.lproj";
			sourceTree = "<group>";
		};
		044AE90114AD8490006FF0C3 /* iPad */ = {
			isa = PBXGroup;
			children = (
				0980F92414BA86E700D7A858 /* DatePickerViewController.xib */,
				045247D314ADF95A004FA37D /* FlipsideView-iPad.xib */,
				04B52E3B14ADBBD000318AA7 /* MainView-iPad.xib */,
				044AE90214AD8491006FF0C3 /* MainWindow-iPad.xib */,
			);
			name = iPad;
			sourceTree = "<group>";
		};
		080E96DDFE201D6D7F000001 /* Application Delegate */ = {
			isa = PBXGroup;
			children = (
				1D3623240D0F684500981E51 /* KyounoNihongoAppDelegate.h */,
				1D3623250D0F684500981E51 /* KyounoNihongoAppDelegate.m */,
			);
			name = "Application Delegate";
			path = Classes;
			sourceTree = "<group>";
		};
		0980F93314BA948500D7A858 /* ja.lproj */ = {
			isa = PBXGroup;
			children = (
				0980F93414BA948500D7A858 /* InfoPlist.strings */,
				0980F93614BA948500D7A858 /* Localizable.strings */,
			);
			path = ja.lproj;
			sourceTree = "<group>";
		};
		19C28FACFE9D520D11CA2CBB /* Products */ = {
			isa = PBXGroup;
			children = (
				1D6058910D05DD3D006BFB54 /* KyounoNihongo.app */,
			);
			name = Products;
			sourceTree = "<group>";
		};
		281C6CD70DB2D82200F60ACC /* Flipside View */ = {
			isa = PBXGroup;
			children = (
				289233AC0DB2D0DB0083E9F9 /* FlipsideViewController.h */,
				289233AD0DB2D0DB0083E9F9 /* FlipsideViewController.m */,
			);
			name = "Flipside View";
			sourceTree = "<group>";
		};
		289233A00DB2D0730083E9F9 /* Main View */ = {
			isa = PBXGroup;
			children = (
				289233A80DB2D0DB0083E9F9 /* MainViewController.h */,
				289233A90DB2D0DB0083E9F9 /* MainViewController.m */,
			);
			name = "Main View";
			sourceTree = "<group>";
		};
		29B97314FDCFA39411CA2CEA /* CustomTemplate */ = {
			isa = PBXGroup;
			children = (
				0980F93314BA948500D7A858 /* ja.lproj */,
				097729C614BA86A100B70FE4 /* DatePickerViewController.h */,
				097729C714BA86A100B70FE4 /* DatePickerViewController.m */,
				0404FAB814AC32910072EDA3 /* Reachability.h */,
				0404FAB914AC32910072EDA3 /* Reachability.m */,
				0404FAA514AC10720072EDA3 /* Icon.png */,
				0980F94414BAB19C00D7A858 /* Icon@iPad.png */,
				0404FAA314AC10360072EDA3 /* Icon@2X.png */,
				0404FA8F14AC07A90072EDA3 /* en.lproj */,
				0404FA9214AC07A90072EDA3 /* zh-Hans.lproj */,
				0404FA8A14ABFEF70072EDA3 /* LoadViewController.h */,
				0404FA8B14ABFEF70072EDA3 /* LoadViewController.m */,
				0404FA8714ABFDB10072EDA3 /* MBProgressHUD.h */,
				0404FA8814ABFDB10072EDA3 /* MBProgressHUD.m */,
				0404FA8414ABFBFB0072EDA3 /* AsyncImageView.h */,
				0404FA8514ABFBFB0072EDA3 /* AsyncImageView.m */,
				091CAD861492F37D00853E12 /* JSONKit.h */,
				091CAD871492F37D00853E12 /* JSONKit.m */,
				289233A00DB2D0730083E9F9 /* Main View */,
				281C6CD70DB2D82200F60ACC /* Flipside View */,
				080E96DDFE201D6D7F000001 /* Application Delegate */,
				29B97315FDCFA39411CA2CEA /* Other Sources */,
				29B97317FDCFA39411CA2CEA /* Resources */,
				044AE90114AD8490006FF0C3 /* iPad */,
				29B97323FDCFA39411CA2CEA /* Frameworks */,
				19C28FACFE9D520D11CA2CBB /* Products */,
			);
			name = CustomTemplate;
			sourceTree = "<group>";
		};
		29B97315FDCFA39411CA2CEA /* Other Sources */ = {
			isa = PBXGroup;
			children = (
				32CA4F630368D1EE00C91783 /* KyounoNihongo_Prefix.pch */,
				29B97316FDCFA39411CA2CEA /* main.m */,
			);
			name = "Other Sources";
			sourceTree = "<group>";
		};
		29B97317FDCFA39411CA2CEA /* Resources */ = {
			isa = PBXGroup;
			children = (
				0980F94214BA9B0800D7A858 /* iTunesArtwork.png */,
				09F9ABD014B2D0130005D9CB /* frame.css */,
				0404FAB214AC14550072EDA3 /* KyounoNihongo-Info.plist */,
				280E754A0DD40C5E005A515E /* FlipsideView.xib */,
				280E754B0DD40C5E005A515E /* MainView.xib */,
				280E754C0DD40C5E005A515E /* MainWindow.xib */,
			);
			name = Resources;
			sourceTree = "<group>";
		};
		29B97323FDCFA39411CA2CEA /* Frameworks */ = {
			isa = PBXGroup;
			children = (
				0404FAC114AD51270072EDA3 /* QuartzCore.framework */,
				0404FAB614AC312C0072EDA3 /* SystemConfiguration.framework */,
				1DF5F4DF0D08C38300B7A737 /* UIKit.framework */,
				1D30AB110D05D00D00671497 /* Foundation.framework */,
				288765580DF743DE002DB57D /* CoreGraphics.framework */,
			);
			name = Frameworks;
			sourceTree = "<group>";
		};
/* End PBXGroup section */

/* Begin PBXNativeTarget section */
		1D6058900D05DD3D006BFB54 /* KyounoNihongo */ = {
			isa = PBXNativeTarget;
			buildConfigurationList = 1D6058960D05DD3E006BFB54 /* Build configuration list for PBXNativeTarget "KyounoNihongo" */;
			buildPhases = (
				1D60588D0D05DD3D006BFB54 /* Resources */,
				1D60588E0D05DD3D006BFB54 /* Sources */,
				1D60588F0D05DD3D006BFB54 /* Frameworks */,
			);
			buildRules = (
				09A73C3B14BAB4EA0056D031 /* PBXBuildRule */,
			);
			dependencies = (
			);
			name = KyounoNihongo;
			productName = KyounoNihongo;
			productReference = 1D6058910D05DD3D006BFB54 /* KyounoNihongo.app */;
			productType = "com.apple.product-type.application";
		};
/* End PBXNativeTarget section */

/* Begin PBXProject section */
		29B97313FDCFA39411CA2CEA /* Project object */ = {
			isa = PBXProject;
			attributes = {
				LastUpgradeCheck = 0420;
			};
			buildConfigurationList = C01FCF4E08A954540054247B /* Build configuration list for PBXProject "KyounoNihongo" */;
			compatibilityVersion = "Xcode 3.2";
			developmentRegion = English;
			hasScannedForEncodings = 1;
			knownRegions = (
				English,
				Japanese,
				French,
				German,
				en,
				"zh-Hans",
				"ja-JP",
				ja,
			);
			mainGroup = 29B97314FDCFA39411CA2CEA /* CustomTemplate */;
			projectDirPath = "";
			projectRoot = "";
			targets = (
				1D6058900D05DD3D006BFB54 /* KyounoNihongo */,
			);
		};
/* End PBXProject section */

/* Begin PBXResourcesBuildPhase section */
		1D60588D0D05DD3D006BFB54 /* Resources */ = {
			isa = PBXResourcesBuildPhase;
			buildActionMask = 2147483647;
			files = (
				09A73C3D14BAB6760056D031 /* InfoPlist.strings in Resources */,
				09A73C3E14BAB6760056D031 /* Localizable.strings in Resources */,
				09A73C3F14BAB6760056D031 /* InfoPlist.strings in Resources */,
				09A73C4014BAB6760056D031 /* Localizable.strings in Resources */,
				09A73C4114BAB6760056D031 /* InfoPlist.strings in Resources */,
				09A73C4214BAB6760056D031 /* Localizable.strings in Resources */,
				280E754D0DD40C5E005A515E /* FlipsideView.xib in Resources */,
				280E754E0DD40C5E005A515E /* MainView.xib in Resources */,
				280E754F0DD40C5E005A515E /* MainWindow.xib in Resources */,
				0404FAA414AC10360072EDA3 /* Icon@2X.png in Resources */,
				0404FAA614AC10720072EDA3 /* Icon.png in Resources */,
				044AE90314AD8491006FF0C3 /* MainWindow-iPad.xib in Resources */,
				04B52E3C14ADBBD000318AA7 /* MainView-iPad.xib in Resources */,
				045247D414ADF95A004FA37D /* FlipsideView-iPad.xib in Resources */,
				09F9ABD114B2D0130005D9CB /* frame.css in Resources */,
				0980F92514BA86E700D7A858 /* DatePickerViewController.xib in Resources */,
				0980F94314BA9B0800D7A858 /* iTunesArtwork.png in Resources */,
				0980F94514BAB19C00D7A858 /* Icon@iPad.png in Resources */,
			);
			runOnlyForDeploymentPostprocessing = 0;
		};
/* End PBXResourcesBuildPhase section */

/* Begin PBXSourcesBuildPhase section */
		1D60588E0D05DD3D006BFB54 /* Sources */ = {
			isa = PBXSourcesBuildPhase;
			buildActionMask = 2147483647;
			files = (
				1D60589B0D05DD56006BFB54 /* main.m in Sources */,
				1D3623260D0F684500981E51 /* KyounoNihongoAppDelegate.m in Sources */,
				289233AE0DB2D0DB0083E9F9 /* MainViewController.m in Sources */,
				289233B00DB2D0DB0083E9F9 /* FlipsideViewController.m in Sources */,
				091CAD881492F37D00853E12 /* JSONKit.m in Sources */,
				0404FA8614ABFBFB0072EDA3 /* AsyncImageView.m in Sources */,
				0404FA8914ABFDB10072EDA3 /* MBProgressHUD.m in Sources */,
				0404FA8C14ABFEF70072EDA3 /* LoadViewController.m in Sources */,
				0404FABA14AC32910072EDA3 /* Reachability.m in Sources */,
				097729C914BA86A100B70FE4 /* DatePickerViewController.m in Sources */,
			);
			runOnlyForDeploymentPostprocessing = 0;
		};
/* End PBXSourcesBuildPhase section */

/* Begin PBXVariantGroup section */
		0404FA9014AC07A90072EDA3 /* Localizable.strings */ = {
			isa = PBXVariantGroup;
			children = (
				0404FA9114AC07A90072EDA3 /* en */,
			);
			name = Localizable.strings;
			sourceTree = "<group>";
		};
		0404FA9314AC07A90072EDA3 /* Localizable.strings */ = {
			isa = PBXVariantGroup;
			children = (
				0404FA9414AC07A90072EDA3 /* zh-Hans */,
			);
			name = Localizable.strings;
			sourceTree = "<group>";
		};
		0980F93414BA948500D7A858 /* InfoPlist.strings */ = {
			isa = PBXVariantGroup;
			children = (
				0980F93514BA948500D7A858 /* ja */,
			);
			name = InfoPlist.strings;
			sourceTree = "<group>";
		};
		0980F93614BA948500D7A858 /* Localizable.strings */ = {
			isa = PBXVariantGroup;
			children = (
				0980F93714BA948500D7A858 /* ja */,
			);
			name = Localizable.strings;
			sourceTree = "<group>";
		};
		0980F93C14BA953400D7A858 /* InfoPlist.strings */ = {
			isa = PBXVariantGroup;
			children = (
				0980F93D14BA953400D7A858 /* en */,
			);
			name = InfoPlist.strings;
			sourceTree = "<group>";
		};
		0980F93F14BA953D00D7A858 /* InfoPlist.strings */ = {
			isa = PBXVariantGroup;
			children = (
				0980F94014BA953D00D7A858 /* zh-Hans */,
			);
			name = InfoPlist.strings;
			sourceTree = "<group>";
		};
/* End PBXVariantGroup section */

/* Begin XCBuildConfiguration section */
		1D6058940D05DD3E006BFB54 /* Debug */ = {
			isa = XCBuildConfiguration;
			buildSettings = {
				ALWAYS_SEARCH_USER_PATHS = NO;
				COPY_PHASE_STRIP = NO;
				GCC_DYNAMIC_NO_PIC = NO;
				GCC_OPTIMIZATION_LEVEL = 0;
				GCC_PRECOMPILE_PREFIX_HEADER = YES;
				GCC_PREFIX_HEADER = KyounoNihongo_Prefix.pch;
				GCC_VERSION = com.apple.compilers.llvm.clang.1_0;
				INFOPLIST_FILE = "KyounoNihongo-Info.plist";
				IPHONEOS_DEPLOYMENT_TARGET = 4.0;
				PRODUCT_NAME = KyounoNihongo;
				TARGETED_DEVICE_FAMILY = "1,2";
			};
			name = Debug;
		};
		1D6058950D05DD3E006BFB54 /* Release */ = {
			isa = XCBuildConfiguration;
			buildSettings = {
				ALWAYS_SEARCH_USER_PATHS = NO;
				COPY_PHASE_STRIP = YES;
				GCC_PRECOMPILE_PREFIX_HEADER = YES;
				GCC_PREFIX_HEADER = KyounoNihongo_Prefix.pch;
				GCC_VERSION = com.apple.compilers.llvm.clang.1_0;
				INFOPLIST_FILE = "KyounoNihongo-Info.plist";
				IPHONEOS_DEPLOYMENT_TARGET = 4.0;
				PRODUCT_NAME = KyounoNihongo;
				TARGETED_DEVICE_FAMILY = "1,2";
				VALIDATE_PRODUCT = YES;
			};
			name = Release;
		};
		C01FCF4F08A954540054247B /* Debug */ = {
			isa = XCBuildConfiguration;
			buildSettings = {
				ARCHS = "$(ARCHS_STANDARD_32_BIT)";
				"CODE_SIGN_IDENTITY[sdk=iphoneos*]" = "iPhone Developer";
				GCC_C_LANGUAGE_STANDARD = c99;
				GCC_WARN_ABOUT_RETURN_TYPE = YES;
				GCC_WARN_UNUSED_VARIABLE = YES;
				SDKROOT = iphoneos;
				TARGETED_DEVICE_FAMILY = "1,2";
			};
			name = Debug;
		};
		C01FCF5008A954540054247B /* Release */ = {
			isa = XCBuildConfiguration;
			buildSettings = {
				ARCHS = "$(ARCHS_STANDARD_32_BIT)";
				"CODE_SIGN_IDENTITY[sdk=iphoneos*]" = "iPhone Developer";
				GCC_C_LANGUAGE_STANDARD = c99;
				GCC_WARN_ABOUT_RETURN_TYPE = YES;
				GCC_WARN_UNUSED_VARIABLE = YES;
				OTHER_CFLAGS = "-DNS_BLOCK_ASSERTIONS=1";
				SDKROOT = iphoneos;
				TARGETED_DEVICE_FAMILY = "1,2";
			};
			name = Release;
		};
/* End XCBuildConfiguration section */

/* Begin XCConfigurationList section */
		1D6058960D05DD3E006BFB54 /* Build configuration list for PBXNativeTarget "KyounoNihongo" */ = {
			isa = XCConfigurationList;
			buildConfigurations = (
				1D6058940D05DD3E006BFB54 /* Debug */,
				1D6058950D05DD3E006BFB54 /* Release */,
			);
			defaultConfigurationIsVisible = 0;
			defaultConfigurationName = Release;
		};
		C01FCF4E08A954540054247B /* Build configuration list for PBXProject "KyounoNihongo" */ = {
			isa = XCConfigurationList;
			buildConfigurations = (
				C01FCF4F08A954540054247B /* Debug */,
				C01FCF5008A954540054247B /* Release */,
			);
			defaultConfigurationIsVisible = 0;
			defaultConfigurationName = Release;
		};
/* End XCConfigurationList section */
	};
	rootObject = 29B97313FDCFA39411CA2CEA /* Project object */;
}
